{
  "nodes": {
    "blockSites": {
      "inputs": {
        "nixpkgs": "nixpkgs"
      },
      "locked": {
        "lastModified": 1721522228,
        "narHash": "sha256-qM7pLw81jjPh8IWAHO8KguwSKrU/97g9aMtIvmsh8SA=",
        "owner": "StevenBlack",
        "repo": "hosts",
        "rev": "2eaa823eac9129bade167cf89549829b1e11bddb",
        "type": "github"
      },
      "original": {
        "owner": "StevenBlack",
        "repo": "hosts",
        "type": "github"
      }
    },
    "catppuccin": {
      "locked": {
        "lastModified": 1720472194,
        "narHash": "sha256-CYscFEts6tyvosc1T29nxhzIYJAj/1CCEkV3ZMzSN/c=",
        "owner": "catppuccin",
        "repo": "nix",
        "rev": "d75d5803852fb0833767dc969a4581ac13204e22",
        "type": "github"
      },
      "original": {
        "owner": "catppuccin",
        "repo": "nix",
        "type": "github"
      }
    },
    "ffcsshacks": {
      "flake": false,
      "locked": {
        "lastModified": 1721741675,
        "narHash": "sha256-2HDcCSZnnnFSVFOjbY+UJ5VD9381tYdz4jsAX67koB4=",
        "owner": "MrOtherGuy",
        "repo": "firefox-csshacks",
        "rev": "7d19d1049cdc7b2a0291d05dbc93a445dd366349",
        "type": "github"
      },
      "original": {
        "owner": "MrOtherGuy",
        "repo": "firefox-csshacks",
        "type": "github"
      }
    },
    "home-manager": {
      "inputs": {
        "nixpkgs": [
          "nixpkgs"
        ]
      },
      "locked": {
        "lastModified": 1720042825,
        "narHash": "sha256-A0vrUB6x82/jvf17qPCpxaM+ulJnD8YZwH9Ci0BsAzE=",
        "owner": "nix-community",
        "repo": "home-manager",
        "rev": "e1391fb22e18a36f57e6999c7a9f966dc80ac073",
        "type": "github"
      },
      "original": {
        "owner": "nix-community",
        "ref": "release-24.05",
        "repo": "home-manager",
        "type": "github"
      }
    },
    "minimalisticfox": {
      "flake": false,
      "locked": {
        "lastModified": 1721741762,
        "narHash": "sha256-atMVu7kV22gjSfJkKzfieHU0rGqvHv9CWrg7YWzcjck=",
        "owner": "t1endat",
        "repo": "minimalisticfox",
        "rev": "7f92a68c402105de79bd7adca694a13ed68c02e6",
        "type": "github"
      },
      "original": {
        "owner": "t1endat",
        "repo": "minimalisticfox",
        "type": "github"
      }
    },
    "nixpkgs": {
      "locked": {
        "lastModified": 1721226092,
        "narHash": "sha256-UBvzVpo5sXSi2S/Av+t+Q+C2mhMIw/LBEZR+d6NMjws=",
        "path": "/nix/store/sj9yrq21wbbfr5715hys3laa2qd6x471-source",
        "rev": "c716603a63aca44f39bef1986c13402167450e0a",
        "type": "path"
      },
      "original": {
        "id": "nixpkgs",
        "type": "indirect"
      }
    },
    "nixpkgs-unstable": {
      "locked": {
        "lastModified": 1721562059,
        "narHash": "sha256-Tybxt65eyOARf285hMHIJ2uul8SULjFZbT9ZaEeUnP8=",
        "owner": "nixos",
        "repo": "nixpkgs",
        "rev": "68c9ed8bbed9dfce253cc91560bf9043297ef2fe",
        "type": "github"
      },
      "original": {
        "owner": "nixos",
        "ref": "nixos-unstable",
        "repo": "nixpkgs",
        "type": "github"
      }
    },
    "nixpkgs_2": {
      "locked": {
        "lastModified": 1721548954,
        "narHash": "sha256-7cCC8+Tdq1+3OPyc3+gVo9dzUNkNIQfwSDJ2HSi2u3o=",
        "owner": "nixos",
        "repo": "nixpkgs",
        "rev": "63d37ccd2d178d54e7fb691d7ec76000740ea24a",
        "type": "github"
      },
      "original": {
        "owner": "nixos",
        "ref": "nixos-24.05",
        "repo": "nixpkgs",
        "type": "github"
      }
    },
    "nushell-defaultConfig": {
      "flake": false,
      "locked": {
        "lastModified": 1721605331,
        "narHash": "sha256-B0WnOajodLJX/yLBgjnOePT5NHRNfJB+b+OpL7TlujY=",
        "owner": "nushell",
        "repo": "nushell",
        "rev": "366e52b76dfda146dbc2bbdfda2d710169786d9b",
        "type": "github"
      },
      "original": {
        "owner": "nushell",
        "repo": "nushell",
        "type": "github"
      }
    },
    "platformio-udev": {
      "flake": false,
      "locked": {
        "narHash": "sha256-4/VBdHFOStlGfaDR61KfzxKuKtQ8l4isdnkFeCqdB6I=",
        "type": "file",
        "url": "https://raw.githubusercontent.com/platformio/platformio-core/develop/platformio/assets/system/99-platformio-udev.rules"
      },
      "original": {
        "type": "file",
        "url": "https://raw.githubusercontent.com/platformio/platformio-core/develop/platformio/assets/system/99-platformio-udev.rules"
      }
    },
    "root": {
      "inputs": {
        "blockSites": "blockSites",
        "catppuccin": "catppuccin",
        "ffcsshacks": "ffcsshacks",
        "home-manager": "home-manager",
        "minimalisticfox": "minimalisticfox",
        "nixpkgs": "nixpkgs_2",
        "nixpkgs-unstable": "nixpkgs-unstable",
        "nushell-defaultConfig": "nushell-defaultConfig",
        "platformio-udev": "platformio-udev"
      }
    }
  },
  "root": "root",
  "version": 7
}
