{
  "nodes": {
    "astro-nvim": {
      "flake": false,
      "locked": {
        "narHash": "sha256-fLqbrGOvqBxr6UJjWGXixogQYnc0zeuB3AfqYB9fx10=",
        "type": "file",
        "url": "https://github.com/AstroNvim/template"
      },
      "original": {
        "type": "file",
        "url": "https://github.com/AstroNvim/template"
      }
    },
    "blockSites": {
      "inputs": {
        "nixpkgs": "nixpkgs"
      },
      "locked": {
        "lastModified": 1713041295,
        "narHash": "sha256-31walXF1q2PHjFLUOqzSHMEQkDbSoo634FlZSPVVMDU=",
        "owner": "StevenBlack",
        "repo": "hosts",
        "rev": "48b11d97aea2962e0835f267804392241cddd5fe",
        "type": "github"
      },
      "original": {
        "owner": "StevenBlack",
        "repo": "hosts",
        "type": "github"
      }
    },
    "catppuccin-alacritty": {
      "flake": false,
      "locked": {
        "lastModified": 1712663324,
        "narHash": "sha256-Pi1Hicv3wPALGgqurdTzXEzJNx7vVh+8B9tlqhRpR2Y=",
        "owner": "catppuccin",
        "repo": "alacritty",
        "rev": "94800165c13998b600a9da9d29c330de9f28618e",
        "type": "github"
      },
      "original": {
        "owner": "catppuccin",
        "repo": "alacritty",
        "type": "github"
      }
    },
    "catppuccin-mako": {
      "flake": false,
      "locked": {
        "lastModified": 1691845483,
        "narHash": "sha256-nUzWkQVsIH4rrCFSP87mXAka6P+Td2ifNbTuP7NM/SQ=",
        "owner": "catppuccin",
        "repo": "mako",
        "rev": "9dd088aa5f4529a3dd4d9760415e340664cb86df",
        "type": "github"
      },
      "original": {
        "owner": "catppuccin",
        "repo": "mako",
        "type": "github"
      }
    },
    "catppuccin-rofi": {
      "flake": false,
      "locked": {
        "lastModified": 1672491652,
        "narHash": "sha256-DNorfyl3C4RBclF2KDgwvQQwixpTwSRu7fIvihPN8JY=",
        "owner": "catppuccin",
        "repo": "rofi",
        "rev": "5350da41a11814f950c3354f090b90d4674a95ce",
        "type": "github"
      },
      "original": {
        "owner": "catppuccin",
        "repo": "rofi",
        "type": "github"
      }
    },
    "catppuccin-waybar": {
      "flake": false,
      "locked": {
        "lastModified": 1711907468,
        "narHash": "sha256-9lY+v1CTbpw2lREG/h65mLLw5KuT8OJdEPOb+NNC6Fo=",
        "owner": "catppuccin",
        "repo": "waybar",
        "rev": "0830796af6aa64ce8bc7453d42876a628777ac68",
        "type": "github"
      },
      "original": {
        "owner": "catppuccin",
        "repo": "waybar",
        "type": "github"
      }
    },
    "doom-emacs": {
      "flake": false,
      "locked": {
        "narHash": "sha256-qiWAQfak6xm/DOH56qS7J0IZVE70mXoIgZgl9WfiOtw=",
        "type": "file",
        "url": "https://github.com/doomemacs/doomemacs"
      },
      "original": {
        "type": "file",
        "url": "https://github.com/doomemacs/doomemacs"
      }
    },
    "home-manager": {
      "inputs": {
        "nixpkgs": [
          "nixpkgs"
        ]
      },
      "locked": {
        "lastModified": 1712386041,
        "narHash": "sha256-dA82pOMQNnCJMAsPG7AXG35VmCSMZsJHTFlTHizpKWQ=",
        "owner": "nix-community",
        "repo": "home-manager",
        "rev": "d6bb9f934f2870e5cbc5b94c79e9db22246141ff",
        "type": "github"
      },
      "original": {
        "owner": "nix-community",
        "ref": "release-23.11",
        "repo": "home-manager",
        "type": "github"
      }
    },
    "minimalisticfox": {
      "flake": false,
      "locked": {
        "lastModified": 1713713261,
        "narHash": "sha256-pD1O1AYk8KPYbw7ycUpVx2fd+plcINfSfl5pU+GdgTs=",
        "owner": "Jamir-boop",
        "repo": "minimalisticfox",
        "rev": "a2c8e2d7bf6e5060bf4b77d9e8330f92fccf5376",
        "type": "github"
      },
      "original": {
        "owner": "Jamir-boop",
        "repo": "minimalisticfox",
        "type": "github"
      }
    },
    "nixpkgs": {
      "locked": {
        "lastModified": 1711668574,
        "narHash": "sha256-u1dfs0ASQIEr1icTVrsKwg2xToIpn7ZXxW3RHfHxshg=",
        "path": "/nix/store/9fpv0kjq9a80isa1wkkvrdqsh9dpcn05-source",
        "rev": "219951b495fc2eac67b1456824cc1ec1fd2ee659",
        "type": "path"
      },
      "original": {
        "id": "nixpkgs",
        "type": "indirect"
      }
    },
    "nixpkgs-unstable": {
      "locked": {
        "lastModified": 1713248628,
        "narHash": "sha256-NLznXB5AOnniUtZsyy/aPWOk8ussTuePp2acb9U+ISA=",
        "owner": "nixos",
        "repo": "nixpkgs",
        "rev": "5672bc9dbf9d88246ddab5ac454e82318d094bb8",
        "type": "github"
      },
      "original": {
        "owner": "nixos",
        "ref": "nixos-unstable",
        "repo": "nixpkgs",
        "type": "github"
      }
    },
    "nixpkgs_2": {
      "locked": {
        "lastModified": 1713145326,
        "narHash": "sha256-m7+IWM6mkWOg22EC5kRUFCycXsXLSU7hWmHdmBfmC3s=",
        "owner": "nixos",
        "repo": "nixpkgs",
        "rev": "53a2c32bc66f5ae41a28d7a9a49d321172af621e",
        "type": "github"
      },
      "original": {
        "owner": "nixos",
        "ref": "nixos-23.11",
        "repo": "nixpkgs",
        "type": "github"
      }
    },
    "nushell-defaultConfig": {
      "flake": false,
      "locked": {
        "lastModified": 1714619513,
        "narHash": "sha256-rbETUJceOHtwlx4HseK/AN2zGF0dNhr7s2TGzytI838=",
        "owner": "nushell",
        "repo": "nushell",
        "rev": "cc91e36cf8aaf1411d55e6e8510e644fdb1e3d29",
        "type": "github"
      },
      "original": {
        "owner": "nushell",
        "repo": "nushell",
        "type": "github"
      }
    },
    "root": {
      "inputs": {
        "astro-nvim": "astro-nvim",
        "blockSites": "blockSites",
        "catppuccin-alacritty": "catppuccin-alacritty",
        "catppuccin-mako": "catppuccin-mako",
        "catppuccin-rofi": "catppuccin-rofi",
        "catppuccin-waybar": "catppuccin-waybar",
        "doom-emacs": "doom-emacs",
        "home-manager": "home-manager",
        "minimalisticfox": "minimalisticfox",
        "nixpkgs": "nixpkgs_2",
        "nixpkgs-unstable": "nixpkgs-unstable",
        "nushell-defaultConfig": "nushell-defaultConfig"
      }
    }
  },
  "root": "root",
  "version": 7
}
